// !$*UTF8*$!
{
	archiveVersion = 1;
	classes = {
	};
	objectVersion = 55;
	objects = {

/* Begin PBXBuildFile section */
		A4310C4C280DE8DC0067FAED /* FirebaseAnalytics in Frameworks */ = {isa = PBXBuildFile; productRef = A4310C4B280DE8DC0067FAED /* FirebaseAnalytics */; };
		A4310C4E280DE8DC0067FAED /* FirebaseAuth in Frameworks */ = {isa = PBXBuildFile; productRef = A4310C4D280DE8DC0067FAED /* FirebaseAuth */; };
		A48B1B10280CEE4900A990F2 /* AppDelegate.swift in Sources */ = {isa = PBXBuildFile; fileRef = A48B1B0F280CEE4900A990F2 /* AppDelegate.swift */; };
		A48B1B12280CEE4900A990F2 /* SceneDelegate.swift in Sources */ = {isa = PBXBuildFile; fileRef = A48B1B11280CEE4900A990F2 /* SceneDelegate.swift */; };
		A48B1B17280CEE4900A990F2 /* Main.storyboard in Resources */ = {isa = PBXBuildFile; fileRef = A48B1B15280CEE4900A990F2 /* Main.storyboard */; };
		A48B1B19280CEE4A00A990F2 /* Assets.xcassets in Resources */ = {isa = PBXBuildFile; fileRef = A48B1B18280CEE4A00A990F2 /* Assets.xcassets */; };
		A48B1B1C280CEE4A00A990F2 /* LaunchScreen.storyboard in Resources */ = {isa = PBXBuildFile; fileRef = A48B1B1A280CEE4A00A990F2 /* LaunchScreen.storyboard */; };
		A48B1B38280CEE6500A990F2 /* Statistics.swift in Sources */ = {isa = PBXBuildFile; fileRef = A48B1B24280CEE6500A990F2 /* Statistics.swift */; };
		A48B1B39280CEE6500A990F2 /* Networking.swift in Sources */ = {isa = PBXBuildFile; fileRef = A48B1B25280CEE6500A990F2 /* Networking.swift */; };
		A48B1B3A280CEE6500A990F2 /* MainViewController.swift in Sources */ = {isa = PBXBuildFile; fileRef = A48B1B27280CEE6500A990F2 /* MainViewController.swift */; };
		A48B1B3B280CEE6500A990F2 /* LoginViewController.swift in Sources */ = {isa = PBXBuildFile; fileRef = A48B1B28280CEE6500A990F2 /* LoginViewController.swift */; };
		A48B1B3C280CEE6500A990F2 /* DetailsViewController.swift in Sources */ = {isa = PBXBuildFile; fileRef = A48B1B29280CEE6500A990F2 /* DetailsViewController.swift */; };
		A48B1B3D280CEE6500A990F2 /* SignInViewController.swift in Sources */ = {isa = PBXBuildFile; fileRef = A48B1B2A280CEE6500A990F2 /* SignInViewController.swift */; };
		A48B1B40280CEE6500A990F2 /* uiviews.extensions.swift in Sources */ = {isa = PBXBuildFile; fileRef = A48B1B31280CEE6500A990F2 /* uiviews.extensions.swift */; };
		A48B1B41280CEE6500A990F2 /* NetViewModel.swift in Sources */ = {isa = PBXBuildFile; fileRef = A48B1B33280CEE6500A990F2 /* NetViewModel.swift */; };
		A48B1B42280CEE6500A990F2 /* SingletonClass.swift in Sources */ = {isa = PBXBuildFile; fileRef = A48B1B35280CEE6500A990F2 /* SingletonClass.swift */; };
		A48B1B43280CEE6500A990F2 /* CountriesViewCell.swift in Sources */ = {isa = PBXBuildFile; fileRef = A48B1B37280CEE6500A990F2 /* CountriesViewCell.swift */; };
		A48B1B46280CEEE000A990F2 /* FirebaseAnalytics in Frameworks */ = {isa = PBXBuildFile; productRef = A48B1B45280CEEE000A990F2 /* FirebaseAnalytics */; };
		A48B1B48280CEEE000A990F2 /* FirebaseAuth in Frameworks */ = {isa = PBXBuildFile; productRef = A48B1B47280CEEE000A990F2 /* FirebaseAuth */; };
		A48B1B4A280CF02600A990F2 /* GoogleService-Info.plist in Resources */ = {isa = PBXBuildFile; fileRef = A48B1B49280CF02600A990F2 /* GoogleService-Info.plist */; };
/* End PBXBuildFile section */

/* Begin PBXFileReference section */
		A48B1B0C280CEE4900A990F2 /* covidTracker.app */ = {isa = PBXFileReference; explicitFileType = wrapper.application; includeInIndex = 0; path = covidTracker.app; sourceTree = BUILT_PRODUCTS_DIR; };
		A48B1B0F280CEE4900A990F2 /* AppDelegate.swift */ = {isa = PBXFileReference; lastKnownFileType = sourcecode.swift; path = AppDelegate.swift; sourceTree = "<group>"; };
		A48B1B11280CEE4900A990F2 /* SceneDelegate.swift */ = {isa = PBXFileReference; lastKnownFileType = sourcecode.swift; path = SceneDelegate.swift; sourceTree = "<group>"; };
		A48B1B16280CEE4900A990F2 /* Base */ = {isa = PBXFileReference; lastKnownFileType = file.storyboard; name = Base; path = Base.lproj/Main.storyboard; sourceTree = "<group>"; };
		A48B1B18280CEE4A00A990F2 /* Assets.xcassets */ = {isa = PBXFileReference; lastKnownFileType = folder.assetcatalog; path = Assets.xcassets; sourceTree = "<group>"; };
		A48B1B1B280CEE4A00A990F2 /* Base */ = {isa = PBXFileReference; lastKnownFileType = file.storyboard; name = Base; path = Base.lproj/LaunchScreen.storyboard; sourceTree = "<group>"; };
		A48B1B1D280CEE4A00A990F2 /* Info.plist */ = {isa = PBXFileReference; lastKnownFileType = text.plist.xml; path = Info.plist; sourceTree = "<group>"; };
		A48B1B24280CEE6500A990F2 /* Statistics.swift */ = {isa = PBXFileReference; fileEncoding = 4; lastKnownFileType = sourcecode.swift; path = Statistics.swift; sourceTree = "<group>"; };
		A48B1B25280CEE6500A990F2 /* Networking.swift */ = {isa = PBXFileReference; fileEncoding = 4; lastKnownFileType = sourcecode.swift; path = Networking.swift; sourceTree = "<group>"; };
		A48B1B27280CEE6500A990F2 /* MainViewController.swift */ = {isa = PBXFileReference; fileEncoding = 4; lastKnownFileType = sourcecode.swift; path = MainViewController.swift; sourceTree = "<group>"; };
		A48B1B28280CEE6500A990F2 /* LoginViewController.swift */ = {isa = PBXFileReference; fileEncoding = 4; lastKnownFileType = sourcecode.swift; path = LoginViewController.swift; sourceTree = "<group>"; };
		A48B1B29280CEE6500A990F2 /* DetailsViewController.swift */ = {isa = PBXFileReference; fileEncoding = 4; lastKnownFileType = sourcecode.swift; path = DetailsViewController.swift; sourceTree = "<group>"; };
		A48B1B2A280CEE6500A990F2 /* SignInViewController.swift */ = {isa = PBXFileReference; fileEncoding = 4; lastKnownFileType = sourcecode.swift; path = SignInViewController.swift; sourceTree = "<group>"; };
		A48B1B31280CEE6500A990F2 /* uiviews.extensions.swift */ = {isa = PBXFileReference; fileEncoding = 4; lastKnownFileType = sourcecode.swift; path = uiviews.extensions.swift; sourceTree = "<group>"; };
		A48B1B33280CEE6500A990F2 /* NetViewModel.swift */ = {isa = PBXFileReference; fileEncoding = 4; lastKnownFileType = sourcecode.swift; path = NetViewModel.swift; sourceTree = "<group>"; };
		A48B1B35280CEE6500A990F2 /* SingletonClass.swift */ = {isa = PBXFileReference; fileEncoding = 4; lastKnownFileType = sourcecode.swift; path = SingletonClass.swift; sourceTree = "<group>"; };
		A48B1B37280CEE6500A990F2 /* CountriesViewCell.swift */ = {isa = PBXFileReference; fileEncoding = 4; lastKnownFileType = sourcecode.swift; path = CountriesViewCell.swift; sourceTree = "<group>"; };
		A48B1B49280CF02600A990F2 /* GoogleService-Info.plist */ = {isa = PBXFileReference; fileEncoding = 4; lastKnownFileType = text.plist.xml; path = "GoogleService-Info.plist"; sourceTree = "<group>"; };
/* End PBXFileReference section */

/* Begin PBXFrameworksBuildPhase section */
		A48B1B09280CEE4900A990F2 /* Frameworks */ = {
			isa = PBXFrameworksBuildPhase;
			buildActionMask = 2147483647;
			files = (
				A48B1B46280CEEE000A990F2 /* FirebaseAnalytics in Frameworks */,
				A48B1B48280CEEE000A990F2 /* FirebaseAuth in Frameworks */,
				A4310C4C280DE8DC0067FAED /* FirebaseAnalytics in Frameworks */,
				A4310C4E280DE8DC0067FAED /* FirebaseAuth in Frameworks */,
			);
			runOnlyForDeploymentPostprocessing = 0;
		};
/* End PBXFrameworksBuildPhase section */

/* Begin PBXGroup section */
		A48B1B03280CEE4900A990F2 = {
			isa = PBXGroup;
			children = (
				A48B1B49280CF02600A990F2 /* GoogleService-Info.plist */,
				A48B1B34280CEE6500A990F2 /* Constants */,
				A48B1B26280CEE6500A990F2 /* Controller */,
				A48B1B30280CEE6500A990F2 /* Extensions  */,
				A48B1B23280CEE6500A990F2 /* Model */,
				A48B1B36280CEE6500A990F2 /* View */,
				A48B1B32280CEE6500A990F2 /* ViewModel */,
				A48B1B0E280CEE4900A990F2 /* covidTracker */,
				A48B1B0D280CEE4900A990F2 /* Products */,
			);
			sourceTree = "<group>";
		};
		A48B1B0D280CEE4900A990F2 /* Products */ = {
			isa = PBXGroup;
			children = (
				A48B1B0C280CEE4900A990F2 /* covidTracker.app */,
			);
			name = Products;
			sourceTree = "<group>";
		};
		A48B1B0E280CEE4900A990F2 /* covidTracker */ = {
			isa = PBXGroup;
			children = (
				A48B1B0F280CEE4900A990F2 /* AppDelegate.swift */,
				A48B1B11280CEE4900A990F2 /* SceneDelegate.swift */,
				A48B1B15280CEE4900A990F2 /* Main.storyboard */,
				A48B1B18280CEE4A00A990F2 /* Assets.xcassets */,
				A48B1B1A280CEE4A00A990F2 /* LaunchScreen.storyboard */,
				A48B1B1D280CEE4A00A990F2 /* Info.plist */,
			);
			path = covidTracker;
			sourceTree = "<group>";
		};
		A48B1B23280CEE6500A990F2 /* Model */ = {
			isa = PBXGroup;
			children = (
				A48B1B24280CEE6500A990F2 /* Statistics.swift */,
				A48B1B25280CEE6500A990F2 /* Networking.swift */,
			);
			path = Model;
			sourceTree = "<group>";
		};
		A48B1B26280CEE6500A990F2 /* Controller */ = {
			isa = PBXGroup;
			children = (
				A48B1B27280CEE6500A990F2 /* MainViewController.swift */,
				A48B1B28280CEE6500A990F2 /* LoginViewController.swift */,
				A48B1B29280CEE6500A990F2 /* DetailsViewController.swift */,
				A48B1B2A280CEE6500A990F2 /* SignInViewController.swift */,
			);
			path = Controller;
			sourceTree = "<group>";
		};
		A48B1B30280CEE6500A990F2 /* Extensions  */ = {
			isa = PBXGroup;
			children = (
				A48B1B31280CEE6500A990F2 /* uiviews.extensions.swift */,
			);
			path = "Extensions ";
			sourceTree = "<group>";
		};
		A48B1B32280CEE6500A990F2 /* ViewModel */ = {
			isa = PBXGroup;
			children = (
				A48B1B33280CEE6500A990F2 /* NetViewModel.swift */,
			);
			path = ViewModel;
			sourceTree = "<group>";
		};
		A48B1B34280CEE6500A990F2 /* Constants */ = {
			isa = PBXGroup;
			children = (
				A48B1B35280CEE6500A990F2 /* SingletonClass.swift */,
			);
			path = Constants;
			sourceTree = "<group>";
		};
		A48B1B36280CEE6500A990F2 /* View */ = {
			isa = PBXGroup;
			children = (
				A48B1B37280CEE6500A990F2 /* CountriesViewCell.swift */,
			);
			path = View;
			sourceTree = "<group>";
		};
/* End PBXGroup section */

/* Begin PBXNativeTarget section */
		A48B1B0B280CEE4900A990F2 /* covidTracker */ = {
			isa = PBXNativeTarget;
			buildConfigurationList = A48B1B20280CEE4A00A990F2 /* Build configuration list for PBXNativeTarget "covidTracker" */;
			buildPhases = (
				A48B1B08280CEE4900A990F2 /* Sources */,
				A48B1B09280CEE4900A990F2 /* Frameworks */,
				A48B1B0A280CEE4900A990F2 /* Resources */,
			);
			buildRules = (
			);
			dependencies = (
			);
			name = covidTracker;
			packageProductDependencies = (
				A48B1B45280CEEE000A990F2 /* FirebaseAnalytics */,
				A48B1B47280CEEE000A990F2 /* FirebaseAuth */,
				A4310C4B280DE8DC0067FAED /* FirebaseAnalytics */,
				A4310C4D280DE8DC0067FAED /* FirebaseAuth */,
			);
			productName = covidTracker;
			productReference = A48B1B0C280CEE4900A990F2 /* covidTracker.app */;
			productType = "com.apple.product-type.application";
		};
/* End PBXNativeTarget section */

/* Begin PBXProject section */
		A48B1B04280CEE4900A990F2 /* Project object */ = {
			isa = PBXProject;
			attributes = {
				BuildIndependentTargetsInParallel = 1;
				LastSwiftUpdateCheck = 1330;
				LastUpgradeCheck = 1330;
				TargetAttributes = {
					A48B1B0B280CEE4900A990F2 = {
						CreatedOnToolsVersion = 13.3;
					};
				};
			};
			buildConfigurationList = A48B1B07280CEE4900A990F2 /* Build configuration list for PBXProject "covidTracker" */;
			compatibilityVersion = "Xcode 13.0";
			developmentRegion = en;
			hasScannedForEncodings = 0;
			knownRegions = (
				en,
				Base,
			);
			mainGroup = A48B1B03280CEE4900A990F2;
			packageReferences = (
				A48B1B44280CEEE000A990F2 /* XCRemoteSwiftPackageReference "firebase-ios-sdk" */,
				A4310C4A280DE8DC0067FAED /* XCRemoteSwiftPackageReference "firebase-ios-sdk" */,
			);
			productRefGroup = A48B1B0D280CEE4900A990F2 /* Products */;
			projectDirPath = "";
			projectRoot = "";
			targets = (
				A48B1B0B280CEE4900A990F2 /* covidTracker */,
			);
		};
/* End PBXProject section */

/* Begin PBXResourcesBuildPhase section */
		A48B1B0A280CEE4900A990F2 /* Resources */ = {
			isa = PBXResourcesBuildPhase;
			buildActionMask = 2147483647;
			files = (
				A48B1B1C280CEE4A00A990F2 /* LaunchScreen.storyboard in Resources */,
				A48B1B4A280CF02600A990F2 /* GoogleService-Info.plist in Resources */,
				A48B1B19280CEE4A00A990F2 /* Assets.xcassets in Resources */,
				A48B1B17280CEE4900A990F2 /* Main.storyboard in Resources */,
			);
			runOnlyForDeploymentPostprocessing = 0;
		};
/* End PBXResourcesBuildPhase section */

/* Begin PBXSourcesBuildPhase section */
		A48B1B08280CEE4900A990F2 /* Sources */ = {
			isa = PBXSourcesBuildPhase;
			buildActionMask = 2147483647;
			files = (
				A48B1B42280CEE6500A990F2 /* SingletonClass.swift in Sources */,
				A48B1B43280CEE6500A990F2 /* CountriesViewCell.swift in Sources */,
				A48B1B3B280CEE6500A990F2 /* LoginViewController.swift in Sources */,
				A48B1B39280CEE6500A990F2 /* Networking.swift in Sources */,
				A48B1B3C280CEE6500A990F2 /* DetailsViewController.swift in Sources */,
				A48B1B10280CEE4900A990F2 /* AppDelegate.swift in Sources */,
				A48B1B40280CEE6500A990F2 /* uiviews.extensions.swift in Sources */,
				A48B1B3D280CEE6500A990F2 /* SignInViewController.swift in Sources */,
				A48B1B3A280CEE6500A990F2 /* MainViewController.swift in Sources */,
				A48B1B41280CEE6500A990F2 /* NetViewModel.swift in Sources */,
				A48B1B38280CEE6500A990F2 /* Statistics.swift in Sources */,
				A48B1B12280CEE4900A990F2 /* SceneDelegate.swift in Sources */,
			);
			runOnlyForDeploymentPostprocessing = 0;
		};
/* End PBXSourcesBuildPhase section */

/* Begin PBXVariantGroup section */
		A48B1B15280CEE4900A990F2 /* Main.storyboard */ = {
			isa = PBXVariantGroup;
			children = (
				A48B1B16280CEE4900A990F2 /* Base */,
			);
			name = Main.storyboard;
			sourceTree = "<group>";
		};
		A48B1B1A280CEE4A00A990F2 /* LaunchScreen.storyboard */ = {
			isa = PBXVariantGroup;
			children = (
				A48B1B1B280CEE4A00A990F2 /* Base */,
			);
			name = LaunchScreen.storyboard;
			sourceTree = "<group>";
		};
/* End PBXVariantGroup section */

/* Begin XCBuildConfiguration section */
		A48B1B1E280CEE4A00A990F2 /* Debug */ = {
			isa = XCBuildConfiguration;
			buildSettings = {
				ALWAYS_SEARCH_USER_PATHS = NO;
				CLANG_ANALYZER_NONNULL = YES;
				CLANG_ANALYZER_NUMBER_OBJECT_CONVERSION = YES_AGGRESSIVE;
				CLANG_CXX_LANGUAGE_STANDARD = "gnu++17";
				CLANG_ENABLE_MODULES = YES;
				CLANG_ENABLE_OBJC_ARC = YES;
				CLANG_ENABLE_OBJC_WEAK = YES;
				CLANG_WARN_BLOCK_CAPTURE_AUTORELEASING = YES;
				CLANG_WARN_BOOL_CONVERSION = YES;
				CLANG_WARN_COMMA = YES;
				CLANG_WARN_CONSTANT_CONVERSION = YES;
				CLANG_WARN_DEPRECATED_OBJC_IMPLEMENTATIONS = YES;
				CLANG_WARN_DIRECT_OBJC_ISA_USAGE = YES_ERROR;
				CLANG_WARN_DOCUMENTATION_COMMENTS = YES;
				CLANG_WARN_EMPTY_BODY = YES;
				CLANG_WARN_ENUM_CONVERSION = YES;
				CLANG_WARN_INFINITE_RECURSION = YES;
				CLANG_WARN_INT_CONVERSION = YES;
				CLANG_WARN_NON_LITERAL_NULL_CONVERSION = YES;
				CLANG_WARN_OBJC_IMPLICIT_RETAIN_SELF = YES;
				CLANG_WARN_OBJC_LITERAL_CONVERSION = YES;
				CLANG_WARN_OBJC_ROOT_CLASS = YES_ERROR;
				CLANG_WARN_QUOTED_INCLUDE_IN_FRAMEWORK_HEADER = YES;
				CLANG_WARN_RANGE_LOOP_ANALYSIS = YES;
				CLANG_WARN_STRICT_PROTOTYPES = YES;
				CLANG_WARN_SUSPICIOUS_MOVE = YES;
				CLANG_WARN_UNGUARDED_AVAILABILITY = YES_AGGRESSIVE;
				CLANG_WARN_UNREACHABLE_CODE = YES;
				CLANG_WARN__DUPLICATE_METHOD_MATCH = YES;
				COPY_PHASE_STRIP = NO;
				DEBUG_INFORMATION_FORMAT = dwarf;
				ENABLE_STRICT_OBJC_MSGSEND = YES;
				ENABLE_TESTABILITY = YES;
				GCC_C_LANGUAGE_STANDARD = gnu11;
				GCC_DYNAMIC_NO_PIC = NO;
				GCC_NO_COMMON_BLOCKS = YES;
				GCC_OPTIMIZATION_LEVEL = 0;
				GCC_PREPROCESSOR_DEFINITIONS = (
					"DEBUG=1",
					"$(inherited)",
				);
				GCC_WARN_64_TO_32_BIT_CONVERSION = YES;
				GCC_WARN_ABOUT_RETURN_TYPE = YES_ERROR;
				GCC_WARN_UNDECLARED_SELECTOR = YES;
				GCC_WARN_UNINITIALIZED_AUTOS = YES_AGGRESSIVE;
				GCC_WARN_UNUSED_FUNCTION = YES;
				GCC_WARN_UNUSED_VARIABLE = YES;
				IPHONEOS_DEPLOYMENT_TARGET = 15.4;
				MTL_ENABLE_DEBUG_INFO = INCLUDE_SOURCE;
				MTL_FAST_MATH = YES;
				ONLY_ACTIVE_ARCH = YES;
				SDKROOT = iphoneos;
				SWIFT_ACTIVE_COMPILATION_CONDITIONS = DEBUG;
				SWIFT_OPTIMIZATION_LEVEL = "-Onone";
			};
			name = Debug;
		};
		A48B1B1F280CEE4A00A990F2 /* Release */ = {
			isa = XCBuildConfiguration;
			buildSettings = {
				ALWAYS_SEARCH_USER_PATHS = NO;
				CLANG_ANALYZER_NONNULL = YES;
				CLANG_ANALYZER_NUMBER_OBJECT_CONVERSION = YES_AGGRESSIVE;
				CLANG_CXX_LANGUAGE_STANDARD = "gnu++17";
				CLANG_ENABLE_MODULES = YES;
				CLANG_ENABLE_OBJC_ARC = YES;
				CLANG_ENABLE_OBJC_WEAK = YES;
				CLANG_WARN_BLOCK_CAPTURE_AUTORELEASING = YES;
				CLANG_WARN_BOOL_CONVERSION = YES;
				CLANG_WARN_COMMA = YES;
				CLANG_WARN_CONSTANT_CONVERSION = YES;
				CLANG_WARN_DEPRECATED_OBJC_IMPLEMENTATIONS = YES;
				CLANG_WARN_DIRECT_OBJC_ISA_USAGE = YES_ERROR;
				CLANG_WARN_DOCUMENTATION_COMMENTS = YES;
				CLANG_WARN_EMPTY_BODY = YES;
				CLANG_WARN_ENUM_CONVERSION = YES;
				CLANG_WARN_INFINITE_RECURSION = YES;
				CLANG_WARN_INT_CONVERSION = YES;
				CLANG_WARN_NON_LITERAL_NULL_CONVERSION = YES;
				CLANG_WARN_OBJC_IMPLICIT_RETAIN_SELF = YES;
				CLANG_WARN_OBJC_LITERAL_CONVERSION = YES;
				CLANG_WARN_OBJC_ROOT_CLASS = YES_ERROR;
				CLANG_WARN_QUOTED_INCLUDE_IN_FRAMEWORK_HEADER = YES;
				CLANG_WARN_RANGE_LOOP_ANALYSIS = YES;
				CLANG_WARN_STRICT_PROTOTYPES = YES;
				CLANG_WARN_SUSPICIOUS_MOVE = YES;
				CLANG_WARN_UNGUARDED_AVAILABILITY = YES_AGGRESSIVE;
				CLANG_WARN_UNREACHABLE_CODE = YES;
				CLANG_WARN__DUPLICATE_METHOD_MATCH = YES;
				COPY_PHASE_STRIP = NO;
				DEBUG_INFORMATION_FORMAT = "dwarf-with-dsym";
				ENABLE_NS_ASSERTIONS = NO;
				ENABLE_STRICT_OBJC_MSGSEND = YES;
				GCC_C_LANGUAGE_STANDARD = gnu11;
				GCC_NO_COMMON_BLOCKS = YES;
				GCC_WARN_64_TO_32_BIT_CONVERSION = YES;
				GCC_WARN_ABOUT_RETURN_TYPE = YES_ERROR;
				GCC_WARN_UNDECLARED_SELECTOR = YES;
				GCC_WARN_UNINITIALIZED_AUTOS = YES_AGGRESSIVE;
				GCC_WARN_UNUSED_FUNCTION = YES;
				GCC_WARN_UNUSED_VARIABLE = YES;
				IPHONEOS_DEPLOYMENT_TARGET = 15.4;
				MTL_ENABLE_DEBUG_INFO = NO;
				MTL_FAST_MATH = YES;
				SDKROOT = iphoneos;
				SWIFT_COMPILATION_MODE = wholemodule;
				SWIFT_OPTIMIZATION_LEVEL = "-O";
				VALIDATE_PRODUCT = YES;
			};
			name = Release;
		};
		A48B1B21280CEE4A00A990F2 /* Debug */ = {
			isa = XCBuildConfiguration;
			buildSettings = {
				ASSETCATALOG_COMPILER_APPICON_NAME = AppIcon;
				ASSETCATALOG_COMPILER_GLOBAL_ACCENT_COLOR_NAME = AccentColor;
				CODE_SIGN_STYLE = Automatic;
				CURRENT_PROJECT_VERSION = 1;
				DEVELOPMENT_TEAM = K622C79PDD;
				GENERATE_INFOPLIST_FILE = YES;
				INFOPLIST_FILE = covidTracker/Info.plist;
				INFOPLIST_KEY_UIApplicationSupportsIndirectInputEvents = YES;
				INFOPLIST_KEY_UILaunchStoryboardName = LaunchScreen;
				INFOPLIST_KEY_UIMainStoryboardFile = Main;
				INFOPLIST_KEY_UISupportedInterfaceOrientations_iPad = "UIInterfaceOrientationPortrait UIInterfaceOrientationPortraitUpsideDown UIInterfaceOrientationLandscapeLeft UIInterfaceOrientationLandscapeRight";
				INFOPLIST_KEY_UISupportedInterfaceOrientations_iPhone = "UIInterfaceOrientationPortrait UIInterfaceOrientationLandscapeLeft UIInterfaceOrientationLandscapeRight";
				LD_RUNPATH_SEARCH_PATHS = (
					"$(inherited)",
					"@executable_path/Frameworks",
				);
				MARKETING_VERSION = 1.0;
				PRODUCT_BUNDLE_IDENTIFIER = "com.sebinpince.Covid-19-Tracker.covidTracker";
				PRODUCT_NAME = "$(TARGET_NAME)";
				SWIFT_EMIT_LOC_STRINGS = YES;
				SWIFT_VERSION = 5.0;
				TARGETED_DEVICE_FAMILY = "1,2";
			};
			name = Debug;
		};
		A48B1B22280CEE4A00A990F2 /* Release */ = {
			isa = XCBuildConfiguration;
			buildSettings = {
				ASSETCATALOG_COMPILER_APPICON_NAME = AppIcon;
				ASSETCATALOG_COMPILER_GLOBAL_ACCENT_COLOR_NAME = AccentColor;
				CODE_SIGN_STYLE = Automatic;
				CURRENT_PROJECT_VERSION = 1;
				DEVELOPMENT_TEAM = K622C79PDD;
				GENERATE_INFOPLIST_FILE = YES;
				INFOPLIST_FILE = covidTracker/Info.plist;
				INFOPLIST_KEY_UIApplicationSupportsIndirectInputEvents = YES;
				INFOPLIST_KEY_UILaunchStoryboardName = LaunchScreen;
				INFOPLIST_KEY_UIMainStoryboardFile = Main;
				INFOPLIST_KEY_UISupportedInterfaceOrientations_iPad = "UIInterfaceOrientationPortrait UIInterfaceOrientationPortraitUpsideDown UIInterfaceOrientationLandscapeLeft UIInterfaceOrientationLandscapeRight";
				INFOPLIST_KEY_UISupportedInterfaceOrientations_iPhone = "UIInterfaceOrientationPortrait UIInterfaceOrientationLandscapeLeft UIInterfaceOrientationLandscapeRight";
				LD_RUNPATH_SEARCH_PATHS = (
					"$(inherited)",
					"@executable_path/Frameworks",
				);
				MARKETING_VERSION = 1.0;
				PRODUCT_BUNDLE_IDENTIFIER = "com.sebinpince.Covid-19-Tracker.covidTracker";
				PRODUCT_NAME = "$(TARGET_NAME)";
				SWIFT_EMIT_LOC_STRINGS = YES;
				SWIFT_VERSION = 5.0;
				TARGETED_DEVICE_FAMILY = "1,2";
			};
			name = Release;
		};
/* End XCBuildConfiguration section */

/* Begin XCConfigurationList section */
		A48B1B07280CEE4900A990F2 /* Build configuration list for PBXProject "covidTracker" */ = {
			isa = XCConfigurationList;
			buildConfigurations = (
				A48B1B1E280CEE4A00A990F2 /* Debug */,
				A48B1B1F280CEE4A00A990F2 /* Release */,
			);
			defaultConfigurationIsVisible = 0;
			defaultConfigurationName = Release;
		};
		A48B1B20280CEE4A00A990F2 /* Build configuration list for PBXNativeTarget "covidTracker" */ = {
			isa = XCConfigurationList;
			buildConfigurations = (
				A48B1B21280CEE4A00A990F2 /* Debug */,
				A48B1B22280CEE4A00A990F2 /* Release */,
			);
			defaultConfigurationIsVisible = 0;
			defaultConfigurationName = Release;
		};
/* End XCConfigurationList section */

/* Begin XCRemoteSwiftPackageReference section */
		A4310C4A280DE8DC0067FAED /* XCRemoteSwiftPackageReference "firebase-ios-sdk" */ = {
			isa = XCRemoteSwiftPackageReference;
			repositoryURL = "https://github.com/firebase/firebase-ios-sdk";
			requirement = {
				branch = master;
				kind = branch;
			};
		};
		A48B1B44280CEEE000A990F2 /* XCRemoteSwiftPackageReference "firebase-ios-sdk" */ = {
			isa = XCRemoteSwiftPackageReference;
			repositoryURL = "https://github.com/firebase/firebase-ios-sdk";
			requirement = {
				branch = master;
				kind = branch;
			};
		};
/* End XCRemoteSwiftPackageReference section */

/* Begin XCSwiftPackageProductDependency section */
		A4310C4B280DE8DC0067FAED /* FirebaseAnalytics */ = {
			isa = XCSwiftPackageProductDependency;
			package = A48B1B44280CEEE000A990F2 /* XCRemoteSwiftPackageReference "firebase-ios-sdk" */;
			productName = FirebaseAnalytics;
		};
		A4310C4D280DE8DC0067FAED /* FirebaseAuth */ = {
			isa = XCSwiftPackageProductDependency;
			package = A48B1B44280CEEE000A990F2 /* XCRemoteSwiftPackageReference "firebase-ios-sdk" */;
			productName = FirebaseAuth;
		};
		A48B1B45280CEEE000A990F2 /* FirebaseAnalytics */ = {
			isa = XCSwiftPackageProductDependency;
			package = A48B1B44280CEEE000A990F2 /* XCRemoteSwiftPackageReference "firebase-ios-sdk" */;
			productName = FirebaseAnalytics;
		};
		A48B1B47280CEEE000A990F2 /* FirebaseAuth */ = {
			isa = XCSwiftPackageProductDependency;
			package = A48B1B44280CEEE000A990F2 /* XCRemoteSwiftPackageReference "firebase-ios-sdk" */;
			productName = FirebaseAuth;
		};
/* End XCSwiftPackageProductDependency section */
	};
	rootObject = A48B1B04280CEE4900A990F2 /* Project object */;
}
